
Microsoft Visual Studio Solution File, Format Version 12.00
# Visual Studio Version 17
VisualStudioVersion = 17.9.34622.214
MinimumVisualStudioVersion = 10.0.40219.1
Project("{FAE04EC0-301F-11D3-BF4B-00C04F79EFBC}") = "ConsoleMonGame", "ConsoleMonGame.csproj", "{CF87174B-3454-48C6-AC68-43AEE7B4DA1E}"
EndProject
Global
	GlobalSection(SolutionConfigurationPlatforms) = preSolution
		Debug|Any CPU = Debug|Any CPU
		Release|Any CPU = Release|Any CPU
	EndGlobalSection
	GlobalSection(ProjectConfigurationPlatforms) = postSolution
		{CF87174B-3454-48C6-AC68-43AEE7B4DA1E}.Debug|Any CPU.ActiveCfg = Debug|Any CPU
		{CF87174B-3454-48C6-AC68-43AEE7B4DA1E}.Debug|Any CPU.Build.0 = Debug|Any CPU
		{CF87174B-3454-48C6-AC68-43AEE7B4DA1E}.Release|Any CPU.ActiveCfg = Release|Any CPU
		{CF87174B-3454-48C6-AC68-43AEE7B4DA1E}.Release|Any CPU.Build.0 = Release|Any CPU
	EndGlobalSection
	GlobalSection(SolutionProperties) = preSolution
		HideSolutionNode = FALSE
	EndGlobalSection
	GlobalSection(ExtensibilityGlobals) = postSolution
		SolutionGuid = {BA6853AB-7F0E-459A-9749-128A948E05E0}
	EndGlobalSection
EndGlobal
